
Microsoft Visual Studio Solution File, Format Version 12.00
# Visual Studio 14
VisualStudioVersion = 14.0.25420.1
MinimumVisualStudioVersion = 10.0.40219.1
Project("{2150E333-8FDC-42A3-9474-1A3956D46DE8}") = "Core", "Core", "{542BF028-CFB8-4FE4-B809-2805EAEA4C0B}"
EndProject
Project("{2150E333-8FDC-42A3-9474-1A3956D46DE8}") = "Domain", "Domain", "{40F1909A-F19A-4A7C-82E6-0FF6A2875FDD}"
EndProject
Project("{FAE04EC0-301F-11D3-BF4B-00C04F79EFBC}") = "LiteBus.Host", "src\LiteBus.Host\LiteBus.Host.csproj", "{32E836CC-AA26-49F6-AB59-227C999CF900}"
EndProject
Project("{FAE04EC0-301F-11D3-BF4B-00C04F79EFBC}") = "LiteBus.Domain", "src\LiteBus.Domain\LiteBus.Domain.csproj", "{A774BC3E-F7A7-4FA5-A577-AE3AD1FCF691}"
EndProject
Project("{FAE04EC0-301F-11D3-BF4B-00C04F79EFBC}") = "LiteBus.Core", "src\LiteBus.Core\LiteBus.Core.csproj", "{6C139DDA-9D0D-4542-92F9-A32846EBA9EF}"
EndProject
Global
	GlobalSection(SolutionConfigurationPlatforms) = preSolution
		Debug|Any CPU = Debug|Any CPU
		Release|Any CPU = Release|Any CPU
	EndGlobalSection
	GlobalSection(ProjectConfigurationPlatforms) = postSolution
		{32E836CC-AA26-49F6-AB59-227C999CF900}.Debug|Any CPU.ActiveCfg = Debug|Any CPU
		{32E836CC-AA26-49F6-AB59-227C999CF900}.Debug|Any CPU.Build.0 = Debug|Any CPU
		{32E836CC-AA26-49F6-AB59-227C999CF900}.Release|Any CPU.ActiveCfg = Release|Any CPU
		{32E836CC-AA26-49F6-AB59-227C999CF900}.Release|Any CPU.Build.0 = Release|Any CPU
		{A774BC3E-F7A7-4FA5-A577-AE3AD1FCF691}.Debug|Any CPU.ActiveCfg = Debug|Any CPU
		{A774BC3E-F7A7-4FA5-A577-AE3AD1FCF691}.Debug|Any CPU.Build.0 = Debug|Any CPU
		{A774BC3E-F7A7-4FA5-A577-AE3AD1FCF691}.Release|Any CPU.ActiveCfg = Release|Any CPU
		{A774BC3E-F7A7-4FA5-A577-AE3AD1FCF691}.Release|Any CPU.Build.0 = Release|Any CPU
		{6C139DDA-9D0D-4542-92F9-A32846EBA9EF}.Debug|Any CPU.ActiveCfg = Debug|Any CPU
		{6C139DDA-9D0D-4542-92F9-A32846EBA9EF}.Debug|Any CPU.Build.0 = Debug|Any CPU
		{6C139DDA-9D0D-4542-92F9-A32846EBA9EF}.Release|Any CPU.ActiveCfg = Release|Any CPU
		{6C139DDA-9D0D-4542-92F9-A32846EBA9EF}.Release|Any CPU.Build.0 = Release|Any CPU
	EndGlobalSection
	GlobalSection(SolutionProperties) = preSolution
		HideSolutionNode = FALSE
	EndGlobalSection
	GlobalSection(NestedProjects) = preSolution
		{32E836CC-AA26-49F6-AB59-227C999CF900} = {542BF028-CFB8-4FE4-B809-2805EAEA4C0B}
		{A774BC3E-F7A7-4FA5-A577-AE3AD1FCF691} = {40F1909A-F19A-4A7C-82E6-0FF6A2875FDD}
		{6C139DDA-9D0D-4542-92F9-A32846EBA9EF} = {542BF028-CFB8-4FE4-B809-2805EAEA4C0B}
	EndGlobalSection
EndGlobal
